// !$*UTF8*$!
{
	archiveVersion = 1;
	classes = {
	};
	objectVersion = 51;
	objects = {

/* Begin PBXBuildFile section */
		C71448752832929F0073CCB9 /* AppDelegate.swift in Sources */ = {isa = PBXBuildFile; fileRef = C71448742832929F0073CCB9 /* AppDelegate.swift */; };
		C71448772832929F0073CCB9 /* SceneDelegate.swift in Sources */ = {isa = PBXBuildFile; fileRef = C71448762832929F0073CCB9 /* SceneDelegate.swift */; };
		C71448792832929F0073CCB9 /* ViewController.swift in Sources */ = {isa = PBXBuildFile; fileRef = C71448782832929F0073CCB9 /* ViewController.swift */; };
		C714487C2832929F0073CCB9 /* Main.storyboard in Resources */ = {isa = PBXBuildFile; fileRef = C714487A2832929F0073CCB9 /* Main.storyboard */; };
		C714487F2832929F0073CCB9 /* mconnectmedia.xcdatamodeld in Sources */ = {isa = PBXBuildFile; fileRef = C714487D2832929F0073CCB9 /* mconnectmedia.xcdatamodeld */; };
		C7144881283292A00073CCB9 /* Assets.xcassets in Resources */ = {isa = PBXBuildFile; fileRef = C7144880283292A00073CCB9 /* Assets.xcassets */; };
		C7144884283292A00073CCB9 /* LaunchScreen.storyboard in Resources */ = {isa = PBXBuildFile; fileRef = C7144882283292A00073CCB9 /* LaunchScreen.storyboard */; };
		C714488D283295D10073CCB9 /* RegistationVC.swift in Sources */ = {isa = PBXBuildFile; fileRef = C714488C283295D10073CCB9 /* RegistationVC.swift */; };
		C7144890283295F10073CCB9 /* LoginVC.swift in Sources */ = {isa = PBXBuildFile; fileRef = C714488F283295F10073CCB9 /* LoginVC.swift */; };
		C714489328329DC20073CCB9 /* Validation.swift in Sources */ = {isa = PBXBuildFile; fileRef = C714489228329DC20073CCB9 /* Validation.swift */; };
		C714489E2832AEFC0073CCB9 /* ImageCollectionCell.swift in Sources */ = {isa = PBXBuildFile; fileRef = C714489C2832AEFC0073CCB9 /* ImageCollectionCell.swift */; };
		C714489F2832AEFC0073CCB9 /* ImageCollectionCell.xib in Resources */ = {isa = PBXBuildFile; fileRef = C714489D2832AEFC0073CCB9 /* ImageCollectionCell.xib */; };
		C71448A32832B1940073CCB9 /* HistoryTableViewCell.swift in Sources */ = {isa = PBXBuildFile; fileRef = C71448A12832B1940073CCB9 /* HistoryTableViewCell.swift */; };
		C71448A42832B1940073CCB9 /* HistoryTableViewCell.xib in Resources */ = {isa = PBXBuildFile; fileRef = C71448A22832B1940073CCB9 /* HistoryTableViewCell.xib */; };
		C71448A72832BD260073CCB9 /* HomeVC.swift in Sources */ = {isa = PBXBuildFile; fileRef = C71448A62832BD260073CCB9 /* HomeVC.swift */; };
		C71448AA2832BD500073CCB9 /* ReceiveHistoryVC.swift in Sources */ = {isa = PBXBuildFile; fileRef = C71448A92832BD500073CCB9 /* ReceiveHistoryVC.swift */; };
		C71448AD2832C1040073CCB9 /* ImagePickerManager.swift in Sources */ = {isa = PBXBuildFile; fileRef = C71448AC2832C1040073CCB9 /* ImagePickerManager.swift */; };
		C7474A56283363E900645734 /* mconnectmedia in Resources */ = {isa = PBXBuildFile; fileRef = C7474A55283363E900645734 /* mconnectmedia */; };
		D11889034AC73D6781A07DE0 /* Pods_mconnectmedia.framework in Frameworks */ = {isa = PBXBuildFile; fileRef = 738219811234BCA9DCDB2773 /* Pods_mconnectmedia.framework */; };
/* End PBXBuildFile section */

/* Begin PBXFileReference section */
		738219811234BCA9DCDB2773 /* Pods_mconnectmedia.framework */ = {isa = PBXFileReference; explicitFileType = wrapper.framework; includeInIndex = 0; path = Pods_mconnectmedia.framework; sourceTree = BUILT_PRODUCTS_DIR; };
		C71448712832929F0073CCB9 /* mconnectmedia.app */ = {isa = PBXFileReference; explicitFileType = wrapper.application; includeInIndex = 0; path = mconnectmedia.app; sourceTree = BUILT_PRODUCTS_DIR; };
		C71448742832929F0073CCB9 /* AppDelegate.swift */ = {isa = PBXFileReference; lastKnownFileType = sourcecode.swift; path = AppDelegate.swift; sourceTree = "<group>"; };
		C71448762832929F0073CCB9 /* SceneDelegate.swift */ = {isa = PBXFileReference; lastKnownFileType = sourcecode.swift; path = SceneDelegate.swift; sourceTree = "<group>"; };
		C71448782832929F0073CCB9 /* ViewController.swift */ = {isa = PBXFileReference; lastKnownFileType = sourcecode.swift; path = ViewController.swift; sourceTree = "<group>"; };
		C714487B2832929F0073CCB9 /* Base */ = {isa = PBXFileReference; lastKnownFileType = file.storyboard; name = Base; path = Base.lproj/Main.storyboard; sourceTree = "<group>"; };
		C714487E2832929F0073CCB9 /* mconnectmedia.xcdatamodel */ = {isa = PBXFileReference; lastKnownFileType = wrapper.xcdatamodel; path = mconnectmedia.xcdatamodel; sourceTree = "<group>"; };
		C7144880283292A00073CCB9 /* Assets.xcassets */ = {isa = PBXFileReference; lastKnownFileType = folder.assetcatalog; path = Assets.xcassets; sourceTree = "<group>"; };
		C7144883283292A00073CCB9 /* Base */ = {isa = PBXFileReference; lastKnownFileType = file.storyboard; name = Base; path = Base.lproj/LaunchScreen.storyboard; sourceTree = "<group>"; };
		C7144885283292A00073CCB9 /* Info.plist */ = {isa = PBXFileReference; lastKnownFileType = text.plist.xml; path = Info.plist; sourceTree = "<group>"; };
		C714488C283295D10073CCB9 /* RegistationVC.swift */ = {isa = PBXFileReference; lastKnownFileType = sourcecode.swift; path = RegistationVC.swift; sourceTree = "<group>"; };
		C714488F283295F10073CCB9 /* LoginVC.swift */ = {isa = PBXFileReference; lastKnownFileType = sourcecode.swift; path = LoginVC.swift; sourceTree = "<group>"; };
		C714489228329DC20073CCB9 /* Validation.swift */ = {isa = PBXFileReference; lastKnownFileType = sourcecode.swift; path = Validation.swift; sourceTree = "<group>"; };
		C714489C2832AEFC0073CCB9 /* ImageCollectionCell.swift */ = {isa = PBXFileReference; lastKnownFileType = sourcecode.swift; path = ImageCollectionCell.swift; sourceTree = "<group>"; };
		C714489D2832AEFC0073CCB9 /* ImageCollectionCell.xib */ = {isa = PBXFileReference; lastKnownFileType = file.xib; path = ImageCollectionCell.xib; sourceTree = "<group>"; };
		C71448A12832B1940073CCB9 /* HistoryTableViewCell.swift */ = {isa = PBXFileReference; lastKnownFileType = sourcecode.swift; path = HistoryTableViewCell.swift; sourceTree = "<group>"; };
		C71448A22832B1940073CCB9 /* HistoryTableViewCell.xib */ = {isa = PBXFileReference; lastKnownFileType = file.xib; path = HistoryTableViewCell.xib; sourceTree = "<group>"; };
		C71448A62832BD260073CCB9 /* HomeVC.swift */ = {isa = PBXFileReference; lastKnownFileType = sourcecode.swift; path = HomeVC.swift; sourceTree = "<group>"; };
		C71448A92832BD500073CCB9 /* ReceiveHistoryVC.swift */ = {isa = PBXFileReference; lastKnownFileType = sourcecode.swift; path = ReceiveHistoryVC.swift; sourceTree = "<group>"; };
		C71448AC2832C1040073CCB9 /* ImagePickerManager.swift */ = {isa = PBXFileReference; lastKnownFileType = sourcecode.swift; path = ImagePickerManager.swift; sourceTree = "<group>"; };
		C7474A55283363E900645734 /* mconnectmedia */ = {isa = PBXFileReference; lastKnownFileType = folder; name = mconnectmedia; sourceTree = "<group>"; };
		D06928C3F276DE8D428DDC5C /* Pods-mconnectmedia.release.xcconfig */ = {isa = PBXFileReference; includeInIndex = 1; lastKnownFileType = text.xcconfig; name = "Pods-mconnectmedia.release.xcconfig"; path = "Target Support Files/Pods-mconnectmedia/Pods-mconnectmedia.release.xcconfig"; sourceTree = "<group>"; };
		D89D25CB08CEC96CD9F38145 /* Pods-mconnectmedia.debug.xcconfig */ = {isa = PBXFileReference; includeInIndex = 1; lastKnownFileType = text.xcconfig; name = "Pods-mconnectmedia.debug.xcconfig"; path = "Target Support Files/Pods-mconnectmedia/Pods-mconnectmedia.debug.xcconfig"; sourceTree = "<group>"; };
/* End PBXFileReference section */

/* Begin PBXFrameworksBuildPhase section */
		C714486E2832929F0073CCB9 /* Frameworks */ = {
			isa = PBXFrameworksBuildPhase;
			buildActionMask = 2147483647;
			files = (
				D11889034AC73D6781A07DE0 /* Pods_mconnectmedia.framework in Frameworks */,
			);
			runOnlyForDeploymentPostprocessing = 0;
		};
/* End PBXFrameworksBuildPhase section */

/* Begin PBXGroup section */
		C71448682832929F0073CCB9 = {
			isa = PBXGroup;
			children = (
				C71448732832929F0073CCB9 /* mconnectmedia */,
				C7474A55283363E900645734 /* mconnectmedia */,
				C71448722832929F0073CCB9 /* Products */,
				F88B7798EC5240DD239DBC8E /* Pods */,
				E4BE2FCCEEC9822BCF5D717E /* Frameworks */,
			);
			sourceTree = "<group>";
		};
		C71448722832929F0073CCB9 /* Products */ = {
			isa = PBXGroup;
			children = (
				C71448712832929F0073CCB9 /* mconnectmedia.app */,
			);
			name = Products;
			sourceTree = "<group>";
		};
		C71448732832929F0073CCB9 /* mconnectmedia */ = {
			isa = PBXGroup;
			children = (
				C71448742832929F0073CCB9 /* AppDelegate.swift */,
				C71448762832929F0073CCB9 /* SceneDelegate.swift */,
				C71448782832929F0073CCB9 /* ViewController.swift */,
				C714487A2832929F0073CCB9 /* Main.storyboard */,
				C7144880283292A00073CCB9 /* Assets.xcassets */,
				C7144882283292A00073CCB9 /* LaunchScreen.storyboard */,
				C7144885283292A00073CCB9 /* Info.plist */,
				C714487D2832929F0073CCB9 /* mconnectmedia.xcdatamodeld */,
				C714488C283295D10073CCB9 /* RegistationVC.swift */,
				C714488F283295F10073CCB9 /* LoginVC.swift */,
				C714489228329DC20073CCB9 /* Validation.swift */,
				C714489C2832AEFC0073CCB9 /* ImageCollectionCell.swift */,
				C714489D2832AEFC0073CCB9 /* ImageCollectionCell.xib */,
				C71448A12832B1940073CCB9 /* HistoryTableViewCell.swift */,
				C71448A22832B1940073CCB9 /* HistoryTableViewCell.xib */,
				C71448A62832BD260073CCB9 /* HomeVC.swift */,
				C71448A92832BD500073CCB9 /* ReceiveHistoryVC.swift */,
				C71448AC2832C1040073CCB9 /* ImagePickerManager.swift */,
			);
			path = mconnectmedia;
			sourceTree = "<group>";
		};
		E4BE2FCCEEC9822BCF5D717E /* Frameworks */ = {
			isa = PBXGroup;
			children = (
				738219811234BCA9DCDB2773 /* Pods_mconnectmedia.framework */,
			);
			name = Frameworks;
			sourceTree = "<group>";
		};
		F88B7798EC5240DD239DBC8E /* Pods */ = {
			isa = PBXGroup;
			children = (
				D89D25CB08CEC96CD9F38145 /* Pods-mconnectmedia.debug.xcconfig */,
				D06928C3F276DE8D428DDC5C /* Pods-mconnectmedia.release.xcconfig */,
			);
			path = Pods;
			sourceTree = "<group>";
		};
/* End PBXGroup section */

/* Begin PBXNativeTarget section */
		C71448702832929F0073CCB9 /* mconnectmedia */ = {
			isa = PBXNativeTarget;
			buildConfigurationList = C7144888283292A00073CCB9 /* Build configuration list for PBXNativeTarget "mconnectmedia" */;
			buildPhases = (
				D11DAB49D696CD93C56B395E /* [CP] Check Pods Manifest.lock */,
				C714486D2832929F0073CCB9 /* Sources */,
				C714486E2832929F0073CCB9 /* Frameworks */,
				C714486F2832929F0073CCB9 /* Resources */,
				46F5A9DD85390A83363CFF48 /* [CP] Embed Pods Frameworks */,
			);
			buildRules = (
			);
			dependencies = (
			);
			name = mconnectmedia;
			productName = mconnectmedia;
			productReference = C71448712832929F0073CCB9 /* mconnectmedia.app */;
			productType = "com.apple.product-type.application";
		};
/* End PBXNativeTarget section */

/* Begin PBXProject section */
		C71448692832929F0073CCB9 /* Project object */ = {
			isa = PBXProject;
			attributes = {
				LastSwiftUpdateCheck = 1240;
				LastUpgradeCheck = 1240;
				TargetAttributes = {
					C71448702832929F0073CCB9 = {
						CreatedOnToolsVersion = 12.4;
					};
				};
			};
			buildConfigurationList = C714486C2832929F0073CCB9 /* Build configuration list for PBXProject "mconnectmedia" */;
			compatibilityVersion = "Xcode 9.3";
			developmentRegion = en;
			hasScannedForEncodings = 0;
			knownRegions = (
				en,
				Base,
			);
			mainGroup = C71448682832929F0073CCB9;
			productRefGroup = C71448722832929F0073CCB9 /* Products */;
			projectDirPath = "";
			projectRoot = "";
			targets = (
				C71448702832929F0073CCB9 /* mconnectmedia */,
			);
		};
/* End PBXProject section */

/* Begin PBXResourcesBuildPhase section */
		C714486F2832929F0073CCB9 /* Resources */ = {
			isa = PBXResourcesBuildPhase;
			buildActionMask = 2147483647;
			files = (
				C7144884283292A00073CCB9 /* LaunchScreen.storyboard in Resources */,
				C71448A42832B1940073CCB9 /* HistoryTableViewCell.xib in Resources */,
				C7144881283292A00073CCB9 /* Assets.xcassets in Resources */,
				C714487C2832929F0073CCB9 /* Main.storyboard in Resources */,
				C7474A56283363E900645734 /* mconnectmedia in Resources */,
				C714489F2832AEFC0073CCB9 /* ImageCollectionCell.xib in Resources */,
			);
			runOnlyForDeploymentPostprocessing = 0;
		};
/* End PBXResourcesBuildPhase section */

/* Begin PBXShellScriptBuildPhase section */
		46F5A9DD85390A83363CFF48 /* [CP] Embed Pods Frameworks */ = {
			isa = PBXShellScriptBuildPhase;
			buildActionMask = 2147483647;
			files = (
			);
			inputFileListPaths = (
				"${PODS_ROOT}/Target Support Files/Pods-mconnectmedia/Pods-mconnectmedia-frameworks-${CONFIGURATION}-input-files.xcfilelist",
			);
			name = "[CP] Embed Pods Frameworks";
			outputFileListPaths = (
				"${PODS_ROOT}/Target Support Files/Pods-mconnectmedia/Pods-mconnectmedia-frameworks-${CONFIGURATION}-output-files.xcfilelist",
			);
			runOnlyForDeploymentPostprocessing = 0;
			shellPath = /bin/sh;
			shellScript = "\"${PODS_ROOT}/Target Support Files/Pods-mconnectmedia/Pods-mconnectmedia-frameworks.sh\"\n";
			showEnvVarsInLog = 0;
		};
		D11DAB49D696CD93C56B395E /* [CP] Check Pods Manifest.lock */ = {
			isa = PBXShellScriptBuildPhase;
			buildActionMask = 2147483647;
			files = (
			);
			inputFileListPaths = (
			);
			inputPaths = (
				"${PODS_PODFILE_DIR_PATH}/Podfile.lock",
				"${PODS_ROOT}/Manifest.lock",
			);
			name = "[CP] Check Pods Manifest.lock";
			outputFileListPaths = (
			);
			outputPaths = (
				"$(DERIVED_FILE_DIR)/Pods-mconnectmedia-checkManifestLockResult.txt",
			);
			runOnlyForDeploymentPostprocessing = 0;
			shellPath = /bin/sh;
			shellScript = "diff \"${PODS_PODFILE_DIR_PATH}/Podfile.lock\" \"${PODS_ROOT}/Manifest.lock\" > /dev/null\nif [ $? != 0 ] ; then\n    # print error to STDERR\n    echo \"error: The sandbox is not in sync with the Podfile.lock. Run 'pod install' or update your CocoaPods installation.\" >&2\n    exit 1\nfi\n# This output is used by Xcode 'outputs' to avoid re-running this script phase.\necho \"SUCCESS\" > \"${SCRIPT_OUTPUT_FILE_0}\"\n";
			showEnvVarsInLog = 0;
		};
/* End PBXShellScriptBuildPhase section */

/* Begin PBXSourcesBuildPhase section */
		C714486D2832929F0073CCB9 /* Sources */ = {
			isa = PBXSourcesBuildPhase;
			buildActionMask = 2147483647;
			files = (
				C71448A32832B1940073CCB9 /* HistoryTableViewCell.swift in Sources */,
				C71448A72832BD260073CCB9 /* HomeVC.swift in Sources */,
				C714488D283295D10073CCB9 /* RegistationVC.swift in Sources */,
				C71448792832929F0073CCB9 /* ViewController.swift in Sources */,
				C7144890283295F10073CCB9 /* LoginVC.swift in Sources */,
				C714489E2832AEFC0073CCB9 /* ImageCollectionCell.swift in Sources */,
				C714487F2832929F0073CCB9 /* mconnectmedia.xcdatamodeld in Sources */,
				C71448752832929F0073CCB9 /* AppDelegate.swift in Sources */,
				C71448AA2832BD500073CCB9 /* ReceiveHistoryVC.swift in Sources */,
				C71448772832929F0073CCB9 /* SceneDelegate.swift in Sources */,
				C714489328329DC20073CCB9 /* Validation.swift in Sources */,
				C71448AD2832C1040073CCB9 /* ImagePickerManager.swift in Sources */,
			);
			runOnlyForDeploymentPostprocessing = 0;
		};
/* End PBXSourcesBuildPhase section */

/* Begin PBXVariantGroup section */
		C714487A2832929F0073CCB9 /* Main.storyboard */ = {
			isa = PBXVariantGroup;
			children = (
				C714487B2832929F0073CCB9 /* Base */,
			);
			name = Main.storyboard;
			sourceTree = "<group>";
		};
		C7144882283292A00073CCB9 /* LaunchScreen.storyboard */ = {
			isa = PBXVariantGroup;
			children = (
				C7144883283292A00073CCB9 /* Base */,
			);
			name = LaunchScreen.storyboard;
			sourceTree = "<group>";
		};
/* End PBXVariantGroup section */

/* Begin XCBuildConfiguration section */
		C7144886283292A00073CCB9 /* Debug */ = {
			isa = XCBuildConfiguration;
			buildSettings = {
				ALWAYS_SEARCH_USER_PATHS = NO;
				CLANG_ANALYZER_NONNULL = YES;
				CLANG_ANALYZER_NUMBER_OBJECT_CONVERSION = YES_AGGRESSIVE;
				CLANG_CXX_LANGUAGE_STANDARD = "gnu++14";
				CLANG_CXX_LIBRARY = "libc++";
				CLANG_ENABLE_MODULES = YES;
				CLANG_ENABLE_OBJC_ARC = YES;
				CLANG_ENABLE_OBJC_WEAK = YES;
				CLANG_WARN_BLOCK_CAPTURE_AUTORELEASING = YES;
				CLANG_WARN_BOOL_CONVERSION = YES;
				CLANG_WARN_COMMA = YES;
				CLANG_WARN_CONSTANT_CONVERSION = YES;
				CLANG_WARN_DEPRECATED_OBJC_IMPLEMENTATIONS = YES;
				CLANG_WARN_DIRECT_OBJC_ISA_USAGE = YES_ERROR;
				CLANG_WARN_DOCUMENTATION_COMMENTS = YES;
				CLANG_WARN_EMPTY_BODY = YES;
				CLANG_WARN_ENUM_CONVERSION = YES;
				CLANG_WARN_INFINITE_RECURSION = YES;
				CLANG_WARN_INT_CONVERSION = YES;
				CLANG_WARN_NON_LITERAL_NULL_CONVERSION = YES;
				CLANG_WARN_OBJC_IMPLICIT_RETAIN_SELF = YES;
				CLANG_WARN_OBJC_LITERAL_CONVERSION = YES;
				CLANG_WARN_OBJC_ROOT_CLASS = YES_ERROR;
				CLANG_WARN_QUOTED_INCLUDE_IN_FRAMEWORK_HEADER = YES;
				CLANG_WARN_RANGE_LOOP_ANALYSIS = YES;
				CLANG_WARN_STRICT_PROTOTYPES = YES;
				CLANG_WARN_SUSPICIOUS_MOVE = YES;
				CLANG_WARN_UNGUARDED_AVAILABILITY = YES_AGGRESSIVE;
				CLANG_WARN_UNREACHABLE_CODE = YES;
				CLANG_WARN__DUPLICATE_METHOD_MATCH = YES;
				COPY_PHASE_STRIP = NO;
				DEBUG_INFORMATION_FORMAT = dwarf;
				ENABLE_STRICT_OBJC_MSGSEND = YES;
				ENABLE_TESTABILITY = YES;
				GCC_C_LANGUAGE_STANDARD = gnu11;
				GCC_DYNAMIC_NO_PIC = NO;
				GCC_NO_COMMON_BLOCKS = YES;
				GCC_OPTIMIZATION_LEVEL = 0;
				GCC_PREPROCESSOR_DEFINITIONS = (
					"DEBUG=1",
					"$(inherited)",
				);
				GCC_WARN_64_TO_32_BIT_CONVERSION = YES;
				GCC_WARN_ABOUT_RETURN_TYPE = YES_ERROR;
				GCC_WARN_UNDECLARED_SELECTOR = YES;
				GCC_WARN_UNINITIALIZED_AUTOS = YES_AGGRESSIVE;
				GCC_WARN_UNUSED_FUNCTION = YES;
				GCC_WARN_UNUSED_VARIABLE = YES;
				IPHONEOS_DEPLOYMENT_TARGET = 14.4;
				MTL_ENABLE_DEBUG_INFO = INCLUDE_SOURCE;
				MTL_FAST_MATH = YES;
				ONLY_ACTIVE_ARCH = YES;
				SDKROOT = iphoneos;
				SWIFT_ACTIVE_COMPILATION_CONDITIONS = DEBUG;
				SWIFT_OPTIMIZATION_LEVEL = "-Onone";
			};
			name = Debug;
		};
		C7144887283292A00073CCB9 /* Release */ = {
			isa = XCBuildConfiguration;
			buildSettings = {
				ALWAYS_SEARCH_USER_PATHS = NO;
				CLANG_ANALYZER_NONNULL = YES;
				CLANG_ANALYZER_NUMBER_OBJECT_CONVERSION = YES_AGGRESSIVE;
				CLANG_CXX_LANGUAGE_STANDARD = "gnu++14";
				CLANG_CXX_LIBRARY = "libc++";
				CLANG_ENABLE_MODULES = YES;
				CLANG_ENABLE_OBJC_ARC = YES;
				CLANG_ENABLE_OBJC_WEAK = YES;
				CLANG_WARN_BLOCK_CAPTURE_AUTORELEASING = YES;
				CLANG_WARN_BOOL_CONVERSION = YES;
				CLANG_WARN_COMMA = YES;
				CLANG_WARN_CONSTANT_CONVERSION = YES;
				CLANG_WARN_DEPRECATED_OBJC_IMPLEMENTATIONS = YES;
				CLANG_WARN_DIRECT_OBJC_ISA_USAGE = YES_ERROR;
				CLANG_WARN_DOCUMENTATION_COMMENTS = YES;
				CLANG_WARN_EMPTY_BODY = YES;
				CLANG_WARN_ENUM_CONVERSION = YES;
				CLANG_WARN_INFINITE_RECURSION = YES;
				CLANG_WARN_INT_CONVERSION = YES;
				CLANG_WARN_NON_LITERAL_NULL_CONVERSION = YES;
				CLANG_WARN_OBJC_IMPLICIT_RETAIN_SELF = YES;
				CLANG_WARN_OBJC_LITERAL_CONVERSION = YES;
				CLANG_WARN_OBJC_ROOT_CLASS = YES_ERROR;
				CLANG_WARN_QUOTED_INCLUDE_IN_FRAMEWORK_HEADER = YES;
				CLANG_WARN_RANGE_LOOP_ANALYSIS = YES;
				CLANG_WARN_STRICT_PROTOTYPES = YES;
				CLANG_WARN_SUSPICIOUS_MOVE = YES;
				CLANG_WARN_UNGUARDED_AVAILABILITY = YES_AGGRESSIVE;
				CLANG_WARN_UNREACHABLE_CODE = YES;
				CLANG_WARN__DUPLICATE_METHOD_MATCH = YES;
				COPY_PHASE_STRIP = NO;
				DEBUG_INFORMATION_FORMAT = "dwarf-with-dsym";
				ENABLE_NS_ASSERTIONS = NO;
				ENABLE_STRICT_OBJC_MSGSEND = YES;
				GCC_C_LANGUAGE_STANDARD = gnu11;
				GCC_NO_COMMON_BLOCKS = YES;
				GCC_WARN_64_TO_32_BIT_CONVERSION = YES;
				GCC_WARN_ABOUT_RETURN_TYPE = YES_ERROR;
				GCC_WARN_UNDECLARED_SELECTOR = YES;
				GCC_WARN_UNINITIALIZED_AUTOS = YES_AGGRESSIVE;
				GCC_WARN_UNUSED_FUNCTION = YES;
				GCC_WARN_UNUSED_VARIABLE = YES;
				IPHONEOS_DEPLOYMENT_TARGET = 14.4;
				MTL_ENABLE_DEBUG_INFO = NO;
				MTL_FAST_MATH = YES;
				SDKROOT = iphoneos;
				SWIFT_COMPILATION_MODE = wholemodule;
				SWIFT_OPTIMIZATION_LEVEL = "-O";
				VALIDATE_PRODUCT = YES;
			};
			name = Release;
		};
		C7144889283292A00073CCB9 /* Debug */ = {
			isa = XCBuildConfiguration;
			baseConfigurationReference = D89D25CB08CEC96CD9F38145 /* Pods-mconnectmedia.debug.xcconfig */;
			buildSettings = {
				ASSETCATALOG_COMPILER_APPICON_NAME = AppIcon;
				ASSETCATALOG_COMPILER_GLOBAL_ACCENT_COLOR_NAME = AccentColor;
				CODE_SIGN_STYLE = Automatic;
				INFOPLIST_FILE = mconnectmedia/Info.plist;
				LD_RUNPATH_SEARCH_PATHS = (
					"$(inherited)",
					"@executable_path/Frameworks",
				);
				PRODUCT_BUNDLE_IDENTIFIER = com.meghana.mconnectmedia;
				PRODUCT_NAME = "$(TARGET_NAME)";
				SWIFT_VERSION = 5.0;
				TARGETED_DEVICE_FAMILY = "1,2";
			};
			name = Debug;
		};
		C714488A283292A00073CCB9 /* Release */ = {
			isa = XCBuildConfiguration;
			baseConfigurationReference = D06928C3F276DE8D428DDC5C /* Pods-mconnectmedia.release.xcconfig */;
			buildSettings = {
				ASSETCATALOG_COMPILER_APPICON_NAME = AppIcon;
				ASSETCATALOG_COMPILER_GLOBAL_ACCENT_COLOR_NAME = AccentColor;
				CODE_SIGN_STYLE = Automatic;
				INFOPLIST_FILE = mconnectmedia/Info.plist;
				LD_RUNPATH_SEARCH_PATHS = (
					"$(inherited)",
					"@executable_path/Frameworks",
				);
				PRODUCT_BUNDLE_IDENTIFIER = com.meghana.mconnectmedia;
				PRODUCT_NAME = "$(TARGET_NAME)";
				SWIFT_VERSION = 5.0;
				TARGETED_DEVICE_FAMILY = "1,2";
			};
			name = Release;
		};
/* End XCBuildConfiguration section */

/* Begin XCConfigurationList section */
		C714486C2832929F0073CCB9 /* Build configuration list for PBXProject "mconnectmedia" */ = {
			isa = XCConfigurationList;
			buildConfigurations = (
				C7144886283292A00073CCB9 /* Debug */,
				C7144887283292A00073CCB9 /* Release */,
			);
			defaultConfigurationIsVisible = 0;
			defaultConfigurationName = Release;
		};
		C7144888283292A00073CCB9 /* Build configuration list for PBXNativeTarget "mconnectmedia" */ = {
			isa = XCConfigurationList;
			buildConfigurations = (
				C7144889283292A00073CCB9 /* Debug */,
				C714488A283292A00073CCB9 /* Release */,
			);
			defaultConfigurationIsVisible = 0;
			defaultConfigurationName = Release;
		};
/* End XCConfigurationList section */

/* Begin XCVersionGroup section */
		C714487D2832929F0073CCB9 /* mconnectmedia.xcdatamodeld */ = {
			isa = XCVersionGroup;
			children = (
				C714487E2832929F0073CCB9 /* mconnectmedia.xcdatamodel */,
			);
			currentVersion = C714487E2832929F0073CCB9 /* mconnectmedia.xcdatamodel */;
			path = mconnectmedia.xcdatamodeld;
			sourceTree = "<group>";
			versionGroupType = wrapper.xcdatamodel;
		};
/* End XCVersionGroup section */
	};
	rootObject = C71448692832929F0073CCB9 /* Project object */;
}
